
Microsoft Visual Studio Solution File, Format Version 12.00
# Visual Studio Version 17
VisualStudioVersion = 17.2.32630.192
MinimumVisualStudioVersion = 10.0.40219.1
Project("{FAE04EC0-301F-11D3-BF4B-00C04F79EFBC}") = "Medium", "Medium\Medium.csproj", "{00D25AED-202D-4A1C-8F8A-93CACB73923D}"
EndProject
Project("{FAE04EC0-301F-11D3-BF4B-00C04F79EFBC}") = "ENTITIES", "ENTITIES\ENTITIES.csproj", "{3C94F82A-8536-4456-BEA8-433CC8F74181}"
EndProject
Project("{FAE04EC0-301F-11D3-BF4B-00C04F79EFBC}") = "DAL", "DAL\DAL.csproj", "{A1F15614-315D-4D7A-B2F9-475916485094}"
EndProject
Project("{FAE04EC0-301F-11D3-BF4B-00C04F79EFBC}") = "BLL", "BLL\BLL.csproj", "{8B4060AC-A0AC-4584-9B99-8FA56B5B1ACF}"
EndProject
Project("{FAE04EC0-301F-11D3-BF4B-00C04F79EFBC}") = "MAP", "MAP\MAP.csproj", "{ED1E4305-2491-4743-99E4-B9539FFA2BCE}"
EndProject
Global
	GlobalSection(SolutionConfigurationPlatforms) = preSolution
		Debug|Any CPU = Debug|Any CPU
		Release|Any CPU = Release|Any CPU
	EndGlobalSection
	GlobalSection(ProjectConfigurationPlatforms) = postSolution
		{00D25AED-202D-4A1C-8F8A-93CACB73923D}.Debug|Any CPU.ActiveCfg = Debug|Any CPU
		{00D25AED-202D-4A1C-8F8A-93CACB73923D}.Debug|Any CPU.Build.0 = Debug|Any CPU
		{00D25AED-202D-4A1C-8F8A-93CACB73923D}.Release|Any CPU.ActiveCfg = Release|Any CPU
		{00D25AED-202D-4A1C-8F8A-93CACB73923D}.Release|Any CPU.Build.0 = Release|Any CPU
		{3C94F82A-8536-4456-BEA8-433CC8F74181}.Debug|Any CPU.ActiveCfg = Debug|Any CPU
		{3C94F82A-8536-4456-BEA8-433CC8F74181}.Debug|Any CPU.Build.0 = Debug|Any CPU
		{3C94F82A-8536-4456-BEA8-433CC8F74181}.Release|Any CPU.ActiveCfg = Release|Any CPU
		{3C94F82A-8536-4456-BEA8-433CC8F74181}.Release|Any CPU.Build.0 = Release|Any CPU
		{A1F15614-315D-4D7A-B2F9-475916485094}.Debug|Any CPU.ActiveCfg = Debug|Any CPU
		{A1F15614-315D-4D7A-B2F9-475916485094}.Debug|Any CPU.Build.0 = Debug|Any CPU
		{A1F15614-315D-4D7A-B2F9-475916485094}.Release|Any CPU.ActiveCfg = Release|Any CPU
		{A1F15614-315D-4D7A-B2F9-475916485094}.Release|Any CPU.Build.0 = Release|Any CPU
		{8B4060AC-A0AC-4584-9B99-8FA56B5B1ACF}.Debug|Any CPU.ActiveCfg = Debug|Any CPU
		{8B4060AC-A0AC-4584-9B99-8FA56B5B1ACF}.Debug|Any CPU.Build.0 = Debug|Any CPU
		{8B4060AC-A0AC-4584-9B99-8FA56B5B1ACF}.Release|Any CPU.ActiveCfg = Release|Any CPU
		{8B4060AC-A0AC-4584-9B99-8FA56B5B1ACF}.Release|Any CPU.Build.0 = Release|Any CPU
		{ED1E4305-2491-4743-99E4-B9539FFA2BCE}.Debug|Any CPU.ActiveCfg = Debug|Any CPU
		{ED1E4305-2491-4743-99E4-B9539FFA2BCE}.Debug|Any CPU.Build.0 = Debug|Any CPU
		{ED1E4305-2491-4743-99E4-B9539FFA2BCE}.Release|Any CPU.ActiveCfg = Release|Any CPU
		{ED1E4305-2491-4743-99E4-B9539FFA2BCE}.Release|Any CPU.Build.0 = Release|Any CPU
	EndGlobalSection
	GlobalSection(SolutionProperties) = preSolution
		HideSolutionNode = FALSE
	EndGlobalSection
	GlobalSection(ExtensibilityGlobals) = postSolution
		SolutionGuid = {250C70C1-E98C-4B1B-BB31-A1882C882763}
	EndGlobalSection
EndGlobal
